// !$*UTF8*$!
{
	archiveVersion = 1;
	classes = {
	};
	objectVersion = 46;
	objects = {

/* Begin PBXBuildFile section */
		AA387C0E1E0FD3F800854DFD /* AppDelegate.swift in Sources */ = {isa = PBXBuildFile; fileRef = AA387C0D1E0FD3F800854DFD /* AppDelegate.swift */; };
		AA387C161E0FD3F800854DFD /* SimpleFi.xcdatamodeld in Sources */ = {isa = PBXBuildFile; fileRef = AA387C141E0FD3F800854DFD /* SimpleFi.xcdatamodeld */; };
		AA387C181E0FD3F800854DFD /* Assets.xcassets in Resources */ = {isa = PBXBuildFile; fileRef = AA387C171E0FD3F800854DFD /* Assets.xcassets */; };
		AA387C1B1E0FD3F800854DFD /* LaunchScreen.storyboard in Resources */ = {isa = PBXBuildFile; fileRef = AA387C191E0FD3F800854DFD /* LaunchScreen.storyboard */; };
		AA387C651E0FD7B700854DFD /* UserAction.swift in Sources */ = {isa = PBXBuildFile; fileRef = AA387C631E0FD7B700854DFD /* UserAction.swift */; };
		AA387C661E0FD7B700854DFD /* Validator.swift in Sources */ = {isa = PBXBuildFile; fileRef = AA387C641E0FD7B700854DFD /* Validator.swift */; };
		AA387C691E0FD7EA00854DFD /* FileViewController.swift in Sources */ = {isa = PBXBuildFile; fileRef = AA387C671E0FD7EA00854DFD /* FileViewController.swift */; };
		AA387C6A1E0FD7EA00854DFD /* HomeTableViewController.swift in Sources */ = {isa = PBXBuildFile; fileRef = AA387C681E0FD7EA00854DFD /* HomeTableViewController.swift */; };
		AA387C711E0FDA2200854DFD /* Item+CoreDataClass.swift in Sources */ = {isa = PBXBuildFile; fileRef = AA387C6F1E0FDA2200854DFD /* Item+CoreDataClass.swift */; };
		AA387C721E0FDA2200854DFD /* Item+CoreDataProperties.swift in Sources */ = {isa = PBXBuildFile; fileRef = AA387C701E0FDA2200854DFD /* Item+CoreDataProperties.swift */; };
		AA387C751E0FDA8900854DFD /* UserActionTests.swift in Sources */ = {isa = PBXBuildFile; fileRef = AA387C731E0FDA8900854DFD /* UserActionTests.swift */; };
		AA387C761E0FDA8900854DFD /* ValidatorTests.swift in Sources */ = {isa = PBXBuildFile; fileRef = AA387C741E0FDA8900854DFD /* ValidatorTests.swift */; };
		AA387C7B1E0FDD3C00854DFD /* SimpleFiUITests.swift in Sources */ = {isa = PBXBuildFile; fileRef = AA387C7A1E0FDD3C00854DFD /* SimpleFiUITests.swift */; };
		AA64C7B91E1B4B5600586B3E /* Main.storyboard in Resources */ = {isa = PBXBuildFile; fileRef = AA64C7B71E1B4B5600586B3E /* Main.storyboard */; };
		AA7A11E01E23565A004BC2D0 /* UIHelper.swift in Sources */ = {isa = PBXBuildFile; fileRef = AA7A11DF1E23565A004BC2D0 /* UIHelper.swift */; };
/* End PBXBuildFile section */

/* Begin PBXContainerItemProxy section */
		AA387C221E0FD3F800854DFD /* PBXContainerItemProxy */ = {
			isa = PBXContainerItemProxy;
			containerPortal = AA387C021E0FD3F800854DFD /* Project object */;
			proxyType = 1;
			remoteGlobalIDString = AA387C091E0FD3F800854DFD;
			remoteInfo = SimpleFi;
		};
		AA387C2D1E0FD3F800854DFD /* PBXContainerItemProxy */ = {
			isa = PBXContainerItemProxy;
			containerPortal = AA387C021E0FD3F800854DFD /* Project object */;
			proxyType = 1;
			remoteGlobalIDString = AA387C091E0FD3F800854DFD;
			remoteInfo = SimpleFi;
		};
/* End PBXContainerItemProxy section */

/* Begin PBXFileReference section */
		AA387C0A1E0FD3F800854DFD /* SimpleFi.app */ = {isa = PBXFileReference; explicitFileType = wrapper.application; includeInIndex = 0; path = SimpleFi.app; sourceTree = BUILT_PRODUCTS_DIR; };
		AA387C0D1E0FD3F800854DFD /* AppDelegate.swift */ = {isa = PBXFileReference; lastKnownFileType = sourcecode.swift; path = AppDelegate.swift; sourceTree = "<group>"; };
		AA387C151E0FD3F800854DFD /* SimpleFi.xcdatamodel */ = {isa = PBXFileReference; lastKnownFileType = wrapper.xcdatamodel; path = SimpleFi.xcdatamodel; sourceTree = "<group>"; };
		AA387C171E0FD3F800854DFD /* Assets.xcassets */ = {isa = PBXFileReference; lastKnownFileType = folder.assetcatalog; path = Assets.xcassets; sourceTree = "<group>"; };
		AA387C1A1E0FD3F800854DFD /* Base */ = {isa = PBXFileReference; lastKnownFileType = file.storyboard; name = Base; path = Base.lproj/LaunchScreen.storyboard; sourceTree = "<group>"; };
		AA387C1C1E0FD3F800854DFD /* Info.plist */ = {isa = PBXFileReference; lastKnownFileType = text.plist.xml; path = Info.plist; sourceTree = "<group>"; };
		AA387C211E0FD3F800854DFD /* SimpleFiTests.xctest */ = {isa = PBXFileReference; explicitFileType = wrapper.cfbundle; includeInIndex = 0; path = SimpleFiTests.xctest; sourceTree = BUILT_PRODUCTS_DIR; };
		AA387C271E0FD3F800854DFD /* Info.plist */ = {isa = PBXFileReference; lastKnownFileType = text.plist.xml; path = Info.plist; sourceTree = "<group>"; };
		AA387C2C1E0FD3F800854DFD /* SimpleFiUITests.xctest */ = {isa = PBXFileReference; explicitFileType = wrapper.cfbundle; includeInIndex = 0; path = SimpleFiUITests.xctest; sourceTree = BUILT_PRODUCTS_DIR; };
		AA387C321E0FD3F800854DFD /* Info.plist */ = {isa = PBXFileReference; lastKnownFileType = text.plist.xml; path = Info.plist; sourceTree = "<group>"; };
		AA387C631E0FD7B700854DFD /* UserAction.swift */ = {isa = PBXFileReference; fileEncoding = 4; lastKnownFileType = sourcecode.swift; path = UserAction.swift; sourceTree = "<group>"; };
		AA387C641E0FD7B700854DFD /* Validator.swift */ = {isa = PBXFileReference; fileEncoding = 4; lastKnownFileType = sourcecode.swift; path = Validator.swift; sourceTree = "<group>"; };
		AA387C671E0FD7EA00854DFD /* FileViewController.swift */ = {isa = PBXFileReference; fileEncoding = 4; lastKnownFileType = sourcecode.swift; path = FileViewController.swift; sourceTree = "<group>"; };
		AA387C681E0FD7EA00854DFD /* HomeTableViewController.swift */ = {isa = PBXFileReference; fileEncoding = 4; lastKnownFileType = sourcecode.swift; path = HomeTableViewController.swift; sourceTree = "<group>"; };
		AA387C6F1E0FDA2200854DFD /* Item+CoreDataClass.swift */ = {isa = PBXFileReference; fileEncoding = 4; lastKnownFileType = sourcecode.swift; path = "Item+CoreDataClass.swift"; sourceTree = "<group>"; };
		AA387C701E0FDA2200854DFD /* Item+CoreDataProperties.swift */ = {isa = PBXFileReference; fileEncoding = 4; lastKnownFileType = sourcecode.swift; path = "Item+CoreDataProperties.swift"; sourceTree = "<group>"; };
		AA387C731E0FDA8900854DFD /* UserActionTests.swift */ = {isa = PBXFileReference; fileEncoding = 4; lastKnownFileType = sourcecode.swift; path = UserActionTests.swift; sourceTree = "<group>"; };
		AA387C741E0FDA8900854DFD /* ValidatorTests.swift */ = {isa = PBXFileReference; fileEncoding = 4; lastKnownFileType = sourcecode.swift; path = ValidatorTests.swift; sourceTree = "<group>"; };
		AA387C7A1E0FDD3C00854DFD /* SimpleFiUITests.swift */ = {isa = PBXFileReference; fileEncoding = 4; lastKnownFileType = sourcecode.swift; path = SimpleFiUITests.swift; sourceTree = "<group>"; };
		AA48365E1E10D7CB00AC1EA6 /* SimpleFiUITests-Bridging-Header.h */ = {isa = PBXFileReference; fileEncoding = 4; lastKnownFileType = sourcecode.c.h; path = "SimpleFiUITests-Bridging-Header.h"; sourceTree = "<group>"; };
		AA64C7B81E1B4B5600586B3E /* Base */ = {isa = PBXFileReference; lastKnownFileType = file.storyboard; name = Base; path = Base.lproj/Main.storyboard; sourceTree = "<group>"; };
		AA7A11DF1E23565A004BC2D0 /* UIHelper.swift */ = {isa = PBXFileReference; fileEncoding = 4; lastKnownFileType = sourcecode.swift; path = UIHelper.swift; sourceTree = "<group>"; };
/* End PBXFileReference section */

/* Begin PBXFrameworksBuildPhase section */
		AA387C071E0FD3F800854DFD /* Frameworks */ = {
			isa = PBXFrameworksBuildPhase;
			buildActionMask = 2147483647;
			files = (
			);
			runOnlyForDeploymentPostprocessing = 0;
		};
		AA387C1E1E0FD3F800854DFD /* Frameworks */ = {
			isa = PBXFrameworksBuildPhase;
			buildActionMask = 2147483647;
			files = (
			);
			runOnlyForDeploymentPostprocessing = 0;
		};
		AA387C291E0FD3F800854DFD /* Frameworks */ = {
			isa = PBXFrameworksBuildPhase;
			buildActionMask = 2147483647;
			files = (
			);
			runOnlyForDeploymentPostprocessing = 0;
		};
/* End PBXFrameworksBuildPhase section */

/* Begin PBXGroup section */
		AA387C011E0FD3F800854DFD = {
			isa = PBXGroup;
			children = (
				AA387C0C1E0FD3F800854DFD /* SimpleFi */,
				AA387C241E0FD3F800854DFD /* SimpleFiTests */,
				AA387C2F1E0FD3F800854DFD /* SimpleFiUITests */,
				AA387C0B1E0FD3F800854DFD /* Products */,
			);
			sourceTree = "<group>";
		};
		AA387C0B1E0FD3F800854DFD /* Products */ = {
			isa = PBXGroup;
			children = (
				AA387C0A1E0FD3F800854DFD /* SimpleFi.app */,
				AA387C211E0FD3F800854DFD /* SimpleFiTests.xctest */,
				AA387C2C1E0FD3F800854DFD /* SimpleFiUITests.xctest */,
			);
			name = Products;
			sourceTree = "<group>";
		};
		AA387C0C1E0FD3F800854DFD /* SimpleFi */ = {
			isa = PBXGroup;
			children = (
				AA387C3E1E0FD42900854DFD /* entity */,
				AA387C3F1E0FD43000854DFD /* view controller */,
				AA387C0D1E0FD3F800854DFD /* AppDelegate.swift */,
				AA387C171E0FD3F800854DFD /* Assets.xcassets */,
				AA64C7B71E1B4B5600586B3E /* Main.storyboard */,
				AA387C191E0FD3F800854DFD /* LaunchScreen.storyboard */,
				AA387C1C1E0FD3F800854DFD /* Info.plist */,
				AA387C141E0FD3F800854DFD /* SimpleFi.xcdatamodeld */,
			);
			path = SimpleFi;
			sourceTree = "<group>";
		};
		AA387C241E0FD3F800854DFD /* SimpleFiTests */ = {
			isa = PBXGroup;
			children = (
				AA387C731E0FDA8900854DFD /* UserActionTests.swift */,
				AA387C741E0FDA8900854DFD /* ValidatorTests.swift */,
				AA387C271E0FD3F800854DFD /* Info.plist */,
			);
			path = SimpleFiTests;
			sourceTree = "<group>";
		};
		AA387C2F1E0FD3F800854DFD /* SimpleFiUITests */ = {
			isa = PBXGroup;
			children = (
				AA387C321E0FD3F800854DFD /* Info.plist */,
				AA387C7A1E0FDD3C00854DFD /* SimpleFiUITests.swift */,
				AA48365E1E10D7CB00AC1EA6 /* SimpleFiUITests-Bridging-Header.h */,
			);
			path = SimpleFiUITests;
			sourceTree = "<group>";
		};
		AA387C3E1E0FD42900854DFD /* entity */ = {
			isa = PBXGroup;
			children = (
				AA387C6F1E0FDA2200854DFD /* Item+CoreDataClass.swift */,
				AA387C701E0FDA2200854DFD /* Item+CoreDataProperties.swift */,
				AA7A11DF1E23565A004BC2D0 /* UIHelper.swift */,
				AA387C631E0FD7B700854DFD /* UserAction.swift */,
				AA387C641E0FD7B700854DFD /* Validator.swift */,
			);
			name = entity;
			sourceTree = "<group>";
		};
		AA387C3F1E0FD43000854DFD /* view controller */ = {
			isa = PBXGroup;
			children = (
				AA387C671E0FD7EA00854DFD /* FileViewController.swift */,
				AA387C681E0FD7EA00854DFD /* HomeTableViewController.swift */,
			);
			name = "view controller";
			sourceTree = "<group>";
		};
/* End PBXGroup section */

/* Begin PBXNativeTarget section */
		AA387C091E0FD3F800854DFD /* SimpleFi */ = {
			isa = PBXNativeTarget;
			buildConfigurationList = AA387C351E0FD3F800854DFD /* Build configuration list for PBXNativeTarget "SimpleFi" */;
			buildPhases = (
				AA387C061E0FD3F800854DFD /* Sources */,
				AA387C071E0FD3F800854DFD /* Frameworks */,
				AA387C081E0FD3F800854DFD /* Resources */,
			);
			buildRules = (
			);
			dependencies = (
			);
			name = SimpleFi;
			productName = SimpleFi;
			productReference = AA387C0A1E0FD3F800854DFD /* SimpleFi.app */;
			productType = "com.apple.product-type.application";
		};
		AA387C201E0FD3F800854DFD /* SimpleFiTests */ = {
			isa = PBXNativeTarget;
			buildConfigurationList = AA387C381E0FD3F800854DFD /* Build configuration list for PBXNativeTarget "SimpleFiTests" */;
			buildPhases = (
				AA387C1D1E0FD3F800854DFD /* Sources */,
				AA387C1E1E0FD3F800854DFD /* Frameworks */,
				AA387C1F1E0FD3F800854DFD /* Resources */,
			);
			buildRules = (
			);
			dependencies = (
				AA387C231E0FD3F800854DFD /* PBXTargetDependency */,
			);
			name = SimpleFiTests;
			productName = SimpleFiTests;
			productReference = AA387C211E0FD3F800854DFD /* SimpleFiTests.xctest */;
			productType = "com.apple.product-type.bundle.unit-test";
		};
		AA387C2B1E0FD3F800854DFD /* SimpleFiUITests */ = {
			isa = PBXNativeTarget;
			buildConfigurationList = AA387C3B1E0FD3F800854DFD /* Build configuration list for PBXNativeTarget "SimpleFiUITests" */;
			buildPhases = (
				AA387C281E0FD3F800854DFD /* Sources */,
				AA387C291E0FD3F800854DFD /* Frameworks */,
				AA387C2A1E0FD3F800854DFD /* Resources */,
			);
			buildRules = (
			);
			dependencies = (
				AA387C2E1E0FD3F800854DFD /* PBXTargetDependency */,
			);
			name = SimpleFiUITests;
			productName = SimpleFiUITests;
			productReference = AA387C2C1E0FD3F800854DFD /* SimpleFiUITests.xctest */;
			productType = "com.apple.product-type.bundle.ui-testing";
		};
/* End PBXNativeTarget section */

/* Begin PBXProject section */
		AA387C021E0FD3F800854DFD /* Project object */ = {
			isa = PBXProject;
			attributes = {
				LastSwiftUpdateCheck = 0820;
				LastUpgradeCheck = 0820;
				ORGANIZATIONNAME = muhdmirzamz;
				TargetAttributes = {
					AA387C091E0FD3F800854DFD = {
						CreatedOnToolsVersion = 8.2;
						DevelopmentTeam = 5Y8ZVY4N62;
						ProvisioningStyle = Automatic;
					};
					AA387C201E0FD3F800854DFD = {
						CreatedOnToolsVersion = 8.2;
						DevelopmentTeam = 5Y8ZVY4N62;
						ProvisioningStyle = Automatic;
						TestTargetID = AA387C091E0FD3F800854DFD;
					};
					AA387C2B1E0FD3F800854DFD = {
						CreatedOnToolsVersion = 8.2;
						DevelopmentTeam = 5Y8ZVY4N62;
						LastSwiftMigration = 0820;
						ProvisioningStyle = Automatic;
						TestTargetID = AA387C091E0FD3F800854DFD;
					};
				};
			};
			buildConfigurationList = AA387C051E0FD3F800854DFD /* Build configuration list for PBXProject "SimpleFi" */;
			compatibilityVersion = "Xcode 3.2";
			developmentRegion = English;
			hasScannedForEncodings = 0;
			knownRegions = (
				en,
				Base,
			);
			mainGroup = AA387C011E0FD3F800854DFD;
			productRefGroup = AA387C0B1E0FD3F800854DFD /* Products */;
			projectDirPath = "";
			projectRoot = "";
			targets = (
				AA387C091E0FD3F800854DFD /* SimpleFi */,
				AA387C201E0FD3F800854DFD /* SimpleFiTests */,
				AA387C2B1E0FD3F800854DFD /* SimpleFiUITests */,
			);
		};
/* End PBXProject section */

/* Begin PBXResourcesBuildPhase section */
		AA387C081E0FD3F800854DFD /* Resources */ = {
			isa = PBXResourcesBuildPhase;
			buildActionMask = 2147483647;
			files = (
				AA64C7B91E1B4B5600586B3E /* Main.storyboard in Resources */,
				AA387C1B1E0FD3F800854DFD /* LaunchScreen.storyboard in Resources */,
				AA387C181E0FD3F800854DFD /* Assets.xcassets in Resources */,
			);
			runOnlyForDeploymentPostprocessing = 0;
		};
		AA387C1F1E0FD3F800854DFD /* Resources */ = {
			isa = PBXResourcesBuildPhase;
			buildActionMask = 2147483647;
			files = (
			);
			runOnlyForDeploymentPostprocessing = 0;
		};
		AA387C2A1E0FD3F800854DFD /* Resources */ = {
			isa = PBXResourcesBuildPhase;
			buildActionMask = 2147483647;
			files = (
			);
			runOnlyForDeploymentPostprocessing = 0;
		};
/* End PBXResourcesBuildPhase section */

/* Begin PBXSourcesBuildPhase section */
		AA387C061E0FD3F800854DFD /* Sources */ = {
			isa = PBXSourcesBuildPhase;
			buildActionMask = 2147483647;
			files = (
				AA387C6A1E0FD7EA00854DFD /* HomeTableViewController.swift in Sources */,
				AA387C661E0FD7B700854DFD /* Validator.swift in Sources */,
				AA387C721E0FDA2200854DFD /* Item+CoreDataProperties.swift in Sources */,
				AA387C691E0FD7EA00854DFD /* FileViewController.swift in Sources */,
				AA387C161E0FD3F800854DFD /* SimpleFi.xcdatamodeld in Sources */,
				AA7A11E01E23565A004BC2D0 /* UIHelper.swift in Sources */,
				AA387C651E0FD7B700854DFD /* UserAction.swift in Sources */,
				AA387C0E1E0FD3F800854DFD /* AppDelegate.swift in Sources */,
				AA387C711E0FDA2200854DFD /* Item+CoreDataClass.swift in Sources */,
			);
			runOnlyForDeploymentPostprocessing = 0;
		};
		AA387C1D1E0FD3F800854DFD /* Sources */ = {
			isa = PBXSourcesBuildPhase;
			buildActionMask = 2147483647;
			files = (
				AA387C761E0FDA8900854DFD /* ValidatorTests.swift in Sources */,
				AA387C751E0FDA8900854DFD /* UserActionTests.swift in Sources */,
			);
			runOnlyForDeploymentPostprocessing = 0;
		};
		AA387C281E0FD3F800854DFD /* Sources */ = {
			isa = PBXSourcesBuildPhase;
			buildActionMask = 2147483647;
			files = (
				AA387C7B1E0FDD3C00854DFD /* SimpleFiUITests.swift in Sources */,
			);
			runOnlyForDeploymentPostprocessing = 0;
		};
/* End PBXSourcesBuildPhase section */

/* Begin PBXTargetDependency section */
		AA387C231E0FD3F800854DFD /* PBXTargetDependency */ = {
			isa = PBXTargetDependency;
			target = AA387C091E0FD3F800854DFD /* SimpleFi */;
			targetProxy = AA387C221E0FD3F800854DFD /* PBXContainerItemProxy */;
		};
		AA387C2E1E0FD3F800854DFD /* PBXTargetDependency */ = {
			isa = PBXTargetDependency;
			target = AA387C091E0FD3F800854DFD /* SimpleFi */;
			targetProxy = AA387C2D1E0FD3F800854DFD /* PBXContainerItemProxy */;
		};
/* End PBXTargetDependency section */

/* Begin PBXVariantGroup section */
		AA387C191E0FD3F800854DFD /* LaunchScreen.storyboard */ = {
			isa = PBXVariantGroup;
			children = (
				AA387C1A1E0FD3F800854DFD /* Base */,
			);
			name = LaunchScreen.storyboard;
			sourceTree = "<group>";
		};
		AA64C7B71E1B4B5600586B3E /* Main.storyboard */ = {
			isa = PBXVariantGroup;
			children = (
				AA64C7B81E1B4B5600586B3E /* Base */,
			);
			name = Main.storyboard;
			sourceTree = "<group>";
		};
/* End PBXVariantGroup section */

/* Begin XCBuildConfiguration section */
		AA387C331E0FD3F800854DFD /* Debug */ = {
			isa = XCBuildConfiguration;
			buildSettings = {
				ALWAYS_SEARCH_USER_PATHS = NO;
				CLANG_ANALYZER_NONNULL = YES;
				CLANG_CXX_LANGUAGE_STANDARD = "gnu++0x";
				CLANG_CXX_LIBRARY = "libc++";
				CLANG_ENABLE_MODULES = YES;
				CLANG_ENABLE_OBJC_ARC = YES;
				CLANG_WARN_BOOL_CONVERSION = YES;
				CLANG_WARN_CONSTANT_CONVERSION = YES;
				CLANG_WARN_DIRECT_OBJC_ISA_USAGE = YES_ERROR;
				CLANG_WARN_DOCUMENTATION_COMMENTS = YES;
				CLANG_WARN_EMPTY_BODY = YES;
				CLANG_WARN_ENUM_CONVERSION = YES;
				CLANG_WARN_INFINITE_RECURSION = YES;
				CLANG_WARN_INT_CONVERSION = YES;
				CLANG_WARN_OBJC_ROOT_CLASS = YES_ERROR;
				CLANG_WARN_SUSPICIOUS_MOVE = YES;
				CLANG_WARN_UNREACHABLE_CODE = YES;
				CLANG_WARN__DUPLICATE_METHOD_MATCH = YES;
				"CODE_SIGN_IDENTITY[sdk=iphoneos*]" = "iPhone Developer";
				COPY_PHASE_STRIP = NO;
				DEBUG_INFORMATION_FORMAT = dwarf;
				ENABLE_STRICT_OBJC_MSGSEND = YES;
				ENABLE_TESTABILITY = YES;
				GCC_C_LANGUAGE_STANDARD = gnu99;
				GCC_DYNAMIC_NO_PIC = NO;
				GCC_NO_COMMON_BLOCKS = YES;
				GCC_OPTIMIZATION_LEVEL = 0;
				GCC_PREPROCESSOR_DEFINITIONS = (
					"DEBUG=1",
					"$(inherited)",
				);
				GCC_WARN_64_TO_32_BIT_CONVERSION = YES;
				GCC_WARN_ABOUT_RETURN_TYPE = YES_ERROR;
				GCC_WARN_UNDECLARED_SELECTOR = YES;
				GCC_WARN_UNINITIALIZED_AUTOS = YES_AGGRESSIVE;
				GCC_WARN_UNUSED_FUNCTION = YES;
				GCC_WARN_UNUSED_VARIABLE = YES;
				IPHONEOS_DEPLOYMENT_TARGET = 10.2;
				MTL_ENABLE_DEBUG_INFO = YES;
				ONLY_ACTIVE_ARCH = YES;
				SDKROOT = iphoneos;
				SWIFT_ACTIVE_COMPILATION_CONDITIONS = DEBUG;
				SWIFT_OPTIMIZATION_LEVEL = "-Onone";
				TARGETED_DEVICE_FAMILY = "1,2";
			};
			name = Debug;
		};
		AA387C341E0FD3F800854DFD /* Release */ = {
			isa = XCBuildConfiguration;
			buildSettings = {
				ALWAYS_SEARCH_USER_PATHS = NO;
				CLANG_ANALYZER_NONNULL = YES;
				CLANG_CXX_LANGUAGE_STANDARD = "gnu++0x";
				CLANG_CXX_LIBRARY = "libc++";
				CLANG_ENABLE_MODULES = YES;
				CLANG_ENABLE_OBJC_ARC = YES;
				CLANG_WARN_BOOL_CONVERSION = YES;
				CLANG_WARN_CONSTANT_CONVERSION = YES;
				CLANG_WARN_DIRECT_OBJC_ISA_USAGE = YES_ERROR;
				CLANG_WARN_DOCUMENTATION_COMMENTS = YES;
				CLANG_WARN_EMPTY_BODY = YES;
				CLANG_WARN_ENUM_CONVERSION = YES;
				CLANG_WARN_INFINITE_RECURSION = YES;
				CLANG_WARN_INT_CONVERSION = YES;
				CLANG_WARN_OBJC_ROOT_CLASS = YES_ERROR;
				CLANG_WARN_SUSPICIOUS_MOVE = YES;
				CLANG_WARN_UNREACHABLE_CODE = YES;
				CLANG_WARN__DUPLICATE_METHOD_MATCH = YES;
				"CODE_SIGN_IDENTITY[sdk=iphoneos*]" = "iPhone Developer";
				COPY_PHASE_STRIP = NO;
				DEBUG_INFORMATION_FORMAT = "dwarf-with-dsym";
				ENABLE_NS_ASSERTIONS = NO;
				ENABLE_STRICT_OBJC_MSGSEND = YES;
				GCC_C_LANGUAGE_STANDARD = gnu99;
				GCC_NO_COMMON_BLOCKS = YES;
				GCC_WARN_64_TO_32_BIT_CONVERSION = YES;
				GCC_WARN_ABOUT_RETURN_TYPE = YES_ERROR;
				GCC_WARN_UNDECLARED_SELECTOR = YES;
				GCC_WARN_UNINITIALIZED_AUTOS = YES_AGGRESSIVE;
				GCC_WARN_UNUSED_FUNCTION = YES;
				GCC_WARN_UNUSED_VARIABLE = YES;
				IPHONEOS_DEPLOYMENT_TARGET = 10.2;
				MTL_ENABLE_DEBUG_INFO = NO;
				SDKROOT = iphoneos;
				SWIFT_OPTIMIZATION_LEVEL = "-Owholemodule";
				TARGETED_DEVICE_FAMILY = "1,2";
				VALIDATE_PRODUCT = YES;
			};
			name = Release;
		};
		AA387C361E0FD3F800854DFD /* Debug */ = {
			isa = XCBuildConfiguration;
			buildSettings = {
				ASSETCATALOG_COMPILER_APPICON_NAME = AppIcon;
				DEVELOPMENT_TEAM = 5Y8ZVY4N62;
				INFOPLIST_FILE = SimpleFi/Info.plist;
				LD_RUNPATH_SEARCH_PATHS = "$(inherited) @executable_path/Frameworks";
				PRODUCT_BUNDLE_IDENTIFIER = muhdmirzamz.SimpleFi;
				PRODUCT_NAME = "$(TARGET_NAME)";
				SWIFT_VERSION = 3.0;
			};
			name = Debug;
		};
		AA387C371E0FD3F800854DFD /* Release */ = {
			isa = XCBuildConfiguration;
			buildSettings = {
				ASSETCATALOG_COMPILER_APPICON_NAME = AppIcon;
				DEVELOPMENT_TEAM = 5Y8ZVY4N62;
				INFOPLIST_FILE = SimpleFi/Info.plist;
				LD_RUNPATH_SEARCH_PATHS = "$(inherited) @executable_path/Frameworks";
				PRODUCT_BUNDLE_IDENTIFIER = muhdmirzamz.SimpleFi;
				PRODUCT_NAME = "$(TARGET_NAME)";
				SWIFT_VERSION = 3.0;
			};
			name = Release;
		};
		AA387C391E0FD3F800854DFD /* Debug */ = {
			isa = XCBuildConfiguration;
			buildSettings = {
				ALWAYS_EMBED_SWIFT_STANDARD_LIBRARIES = YES;
				BUNDLE_LOADER = "$(TEST_HOST)";
				DEVELOPMENT_TEAM = 5Y8ZVY4N62;
				INFOPLIST_FILE = SimpleFiTests/Info.plist;
				LD_RUNPATH_SEARCH_PATHS = "$(inherited) @executable_path/Frameworks @loader_path/Frameworks";
				PRODUCT_BUNDLE_IDENTIFIER = muhdmirzamz.SimpleFiTests;
				PRODUCT_NAME = "$(TARGET_NAME)";
				SWIFT_VERSION = 3.0;
				TEST_HOST = "$(BUILT_PRODUCTS_DIR)/SimpleFi.app/SimpleFi";
			};
			name = Debug;
		};
		AA387C3A1E0FD3F800854DFD /* Release */ = {
			isa = XCBuildConfiguration;
			buildSettings = {
				ALWAYS_EMBED_SWIFT_STANDARD_LIBRARIES = YES;
				BUNDLE_LOADER = "$(TEST_HOST)";
				DEVELOPMENT_TEAM = 5Y8ZVY4N62;
				INFOPLIST_FILE = SimpleFiTests/Info.plist;
				LD_RUNPATH_SEARCH_PATHS = "$(inherited) @executable_path/Frameworks @loader_path/Frameworks";
				PRODUCT_BUNDLE_IDENTIFIER = muhdmirzamz.SimpleFiTests;
				PRODUCT_NAME = "$(TARGET_NAME)";
				SWIFT_VERSION = 3.0;
				TEST_HOST = "$(BUILT_PRODUCTS_DIR)/SimpleFi.app/SimpleFi";
			};
			name = Release;
		};
		AA387C3C1E0FD3F800854DFD /* Debug */ = {
			isa = XCBuildConfiguration;
			buildSettings = {
				ALWAYS_EMBED_SWIFT_STANDARD_LIBRARIES = YES;
				CLANG_ENABLE_MODULES = YES;
				DEVELOPMENT_TEAM = 5Y8ZVY4N62;
				INFOPLIST_FILE = SimpleFiUITests/Info.plist;
				LD_RUNPATH_SEARCH_PATHS = "$(inherited) @executable_path/Frameworks @loader_path/Frameworks";
				PRODUCT_BUNDLE_IDENTIFIER = muhdmirzamz.SimpleFiUITests;
				PRODUCT_NAME = "$(TARGET_NAME)";
				SWIFT_OBJC_BRIDGING_HEADER = "SimpleFiUITests/SimpleFiUITests-Bridging-Header.h";
				SWIFT_OPTIMIZATION_LEVEL = "-Onone";
				SWIFT_VERSION = 3.0;
				TEST_TARGET_NAME = SimpleFi;
			};
			name = Debug;
		};
		AA387C3D1E0FD3F800854DFD /* Release */ = {
			isa = XCBuildConfiguration;
			buildSettings = {
				ALWAYS_EMBED_SWIFT_STANDARD_LIBRARIES = YES;
				CLANG_ENABLE_MODULES = YES;
				DEVELOPMENT_TEAM = 5Y8ZVY4N62;
				INFOPLIST_FILE = SimpleFiUITests/Info.plist;
				LD_RUNPATH_SEARCH_PATHS = "$(inherited) @executable_path/Frameworks @loader_path/Frameworks";
				PRODUCT_BUNDLE_IDENTIFIER = muhdmirzamz.SimpleFiUITests;
				PRODUCT_NAME = "$(TARGET_NAME)";
				SWIFT_OBJC_BRIDGING_HEADER = "SimpleFiUITests/SimpleFiUITests-Bridging-Header.h";
				SWIFT_VERSION = 3.0;
				TEST_TARGET_NAME = SimpleFi;
			};
			name = Release;
		};
/* End XCBuildConfiguration section */

/* Begin XCConfigurationList section */
		AA387C051E0FD3F800854DFD /* Build configuration list for PBXProject "SimpleFi" */ = {
			isa = XCConfigurationList;
			buildConfigurations = (
				AA387C331E0FD3F800854DFD /* Debug */,
				AA387C341E0FD3F800854DFD /* Release */,
			);
			defaultConfigurationIsVisible = 0;
			defaultConfigurationName = Release;
		};
		AA387C351E0FD3F800854DFD /* Build configuration list for PBXNativeTarget "SimpleFi" */ = {
			isa = XCConfigurationList;
			buildConfigurations = (
				AA387C361E0FD3F800854DFD /* Debug */,
				AA387C371E0FD3F800854DFD /* Release */,
			);
			defaultConfigurationIsVisible = 0;
			defaultConfigurationName = Release;
		};
		AA387C381E0FD3F800854DFD /* Build configuration list for PBXNativeTarget "SimpleFiTests" */ = {
			isa = XCConfigurationList;
			buildConfigurations = (
				AA387C391E0FD3F800854DFD /* Debug */,
				AA387C3A1E0FD3F800854DFD /* Release */,
			);
			defaultConfigurationIsVisible = 0;
			defaultConfigurationName = Release;
		};
		AA387C3B1E0FD3F800854DFD /* Build configuration list for PBXNativeTarget "SimpleFiUITests" */ = {
			isa = XCConfigurationList;
			buildConfigurations = (
				AA387C3C1E0FD3F800854DFD /* Debug */,
				AA387C3D1E0FD3F800854DFD /* Release */,
			);
			defaultConfigurationIsVisible = 0;
			defaultConfigurationName = Release;
		};
/* End XCConfigurationList section */

/* Begin XCVersionGroup section */
		AA387C141E0FD3F800854DFD /* SimpleFi.xcdatamodeld */ = {
			isa = XCVersionGroup;
			children = (
				AA387C151E0FD3F800854DFD /* SimpleFi.xcdatamodel */,
			);
			currentVersion = AA387C151E0FD3F800854DFD /* SimpleFi.xcdatamodel */;
			path = SimpleFi.xcdatamodeld;
			sourceTree = "<group>";
			versionGroupType = wrapper.xcdatamodel;
		};
/* End XCVersionGroup section */
	};
	rootObject = AA387C021E0FD3F800854DFD /* Project object */;
}
